
Microsoft Visual Studio Solution File, Format Version 12.00
# Visual Studio Version 17
VisualStudioVersion = 17.1.32421.90
MinimumVisualStudioVersion = 10.0.40219.1
Project("{2150E333-8FDC-42A3-9474-1A3956D46DE8}") = "src", "src", "{8B693F80-FEDB-4258-B9BE-4587F8EEB865}"
EndProject
Project("{FAE04EC0-301F-11D3-BF4B-00C04F79EFBC}") = "medical-services.api", "src\medical-services.api\medical-services.api.csproj", "{CF034001-A5A3-4BA9-9BA5-8A3D87D80C87}"
EndProject
Global
	GlobalSection(SolutionConfigurationPlatforms) = preSolution
		Debug|Any CPU = Debug|Any CPU
		Release|Any CPU = Release|Any CPU
	EndGlobalSection
	GlobalSection(ProjectConfigurationPlatforms) = postSolution
		{CF034001-A5A3-4BA9-9BA5-8A3D87D80C87}.Debug|Any CPU.ActiveCfg = Debug|Any CPU
		{CF034001-A5A3-4BA9-9BA5-8A3D87D80C87}.Debug|Any CPU.Build.0 = Debug|Any CPU
		{CF034001-A5A3-4BA9-9BA5-8A3D87D80C87}.Release|Any CPU.ActiveCfg = Release|Any CPU
		{CF034001-A5A3-4BA9-9BA5-8A3D87D80C87}.Release|Any CPU.Build.0 = Release|Any CPU
	EndGlobalSection
	GlobalSection(SolutionProperties) = preSolution
		HideSolutionNode = FALSE
	EndGlobalSection
	GlobalSection(NestedProjects) = preSolution
		{CF034001-A5A3-4BA9-9BA5-8A3D87D80C87} = {8B693F80-FEDB-4258-B9BE-4587F8EEB865}
	EndGlobalSection
	GlobalSection(ExtensibilityGlobals) = postSolution
		SolutionGuid = {D225B17D-95E2-407C-9639-90569AB3544F}
	EndGlobalSection
EndGlobal
